
Microsoft Visual Studio Solution File, Format Version 12.00
# Visual Studio Version 17
VisualStudioVersion = 17.9.34728.123
MinimumVisualStudioVersion = 10.0.40219.1
Project("{FAE04EC0-301F-11D3-BF4B-00C04F79EFBC}") = "ProyectoSimuladorCajero", "ProyectoSimuladorCajero\ProyectoSimuladorCajero.csproj", "{8BC05E2F-10C0-40AB-A7D2-BFC5F5EC221A}"
EndProject
Global
	GlobalSection(SolutionConfigurationPlatforms) = preSolution
		Debug|Any CPU = Debug|Any CPU
		Release|Any CPU = Release|Any CPU
	EndGlobalSection
	GlobalSection(ProjectConfigurationPlatforms) = postSolution
		{8BC05E2F-10C0-40AB-A7D2-BFC5F5EC221A}.Debug|Any CPU.ActiveCfg = Debug|Any CPU
		{8BC05E2F-10C0-40AB-A7D2-BFC5F5EC221A}.Debug|Any CPU.Build.0 = Debug|Any CPU
		{8BC05E2F-10C0-40AB-A7D2-BFC5F5EC221A}.Release|Any CPU.ActiveCfg = Release|Any CPU
		{8BC05E2F-10C0-40AB-A7D2-BFC5F5EC221A}.Release|Any CPU.Build.0 = Release|Any CPU
	EndGlobalSection
	GlobalSection(SolutionProperties) = preSolution
		HideSolutionNode = FALSE
	EndGlobalSection
	GlobalSection(ExtensibilityGlobals) = postSolution
		SolutionGuid = {80FEB697-50FF-4B07-BA03-0EBD885FD495}
	EndGlobalSection
EndGlobal
