
Microsoft Visual Studio Solution File, Format Version 12.00
# Visual Studio Version 17
VisualStudioVersion = 17.9.34728.123
MinimumVisualStudioVersion = 10.0.40219.1
Project("{FAE04EC0-301F-11D3-BF4B-00C04F79EFBC}") = "Usuarios", "Usuarios\Usuarios.csproj", "{13DB963D-3455-4934-B2A3-CF293F08C3F8}"
EndProject
Global
	GlobalSection(SolutionConfigurationPlatforms) = preSolution
		Debug|Any CPU = Debug|Any CPU
		Release|Any CPU = Release|Any CPU
	EndGlobalSection
	GlobalSection(ProjectConfigurationPlatforms) = postSolution
		{13DB963D-3455-4934-B2A3-CF293F08C3F8}.Debug|Any CPU.ActiveCfg = Debug|Any CPU
		{13DB963D-3455-4934-B2A3-CF293F08C3F8}.Debug|Any CPU.Build.0 = Debug|Any CPU
		{13DB963D-3455-4934-B2A3-CF293F08C3F8}.Release|Any CPU.ActiveCfg = Release|Any CPU
		{13DB963D-3455-4934-B2A3-CF293F08C3F8}.Release|Any CPU.Build.0 = Release|Any CPU
	EndGlobalSection
	GlobalSection(SolutionProperties) = preSolution
		HideSolutionNode = FALSE
	EndGlobalSection
	GlobalSection(ExtensibilityGlobals) = postSolution
		SolutionGuid = {284DA1F2-8FC2-4069-99EA-D9C21C847C68}
	EndGlobalSection
EndGlobal
